
Microsoft Visual Studio Solution File, Format Version 12.00
# Visual Studio Version 17
VisualStudioVersion = 17.3.32929.385
MinimumVisualStudioVersion = 10.0.40219.1
Project("{FAE04EC0-301F-11D3-BF4B-00C04F79EFBC}") = "BestBuyBestPractices", "BestBuyBestPractices\BestBuyBestPractices.csproj", "{F62FFC01-3098-46CF-8EAD-EA95C2591C01}"
EndProject
Global
	GlobalSection(SolutionConfigurationPlatforms) = preSolution
		Debug|Any CPU = Debug|Any CPU
		Release|Any CPU = Release|Any CPU
	EndGlobalSection
	GlobalSection(ProjectConfigurationPlatforms) = postSolution
		{F62FFC01-3098-46CF-8EAD-EA95C2591C01}.Debug|Any CPU.ActiveCfg = Debug|Any CPU
		{F62FFC01-3098-46CF-8EAD-EA95C2591C01}.Debug|Any CPU.Build.0 = Debug|Any CPU
		{F62FFC01-3098-46CF-8EAD-EA95C2591C01}.Release|Any CPU.ActiveCfg = Release|Any CPU
		{F62FFC01-3098-46CF-8EAD-EA95C2591C01}.Release|Any CPU.Build.0 = Release|Any CPU
	EndGlobalSection
	GlobalSection(SolutionProperties) = preSolution
		HideSolutionNode = FALSE
	EndGlobalSection
	GlobalSection(ExtensibilityGlobals) = postSolution
		SolutionGuid = {957C3997-7DD9-483E-A024-9D62F8E2C760}
	EndGlobalSection
EndGlobal
